
Microsoft Visual Studio Solution File, Format Version 12.00
# Visual Studio Version 16
VisualStudioVersion = 16.0.30907.101
MinimumVisualStudioVersion = 10.0.40219.1
Project("{FAE04EC0-301F-11D3-BF4B-00C04F79EFBC}") = "FormLogin", "FormLogin.csproj", "{DC33F1CF-226E-4E54-B444-075F2357A1AF}"
EndProject
Global
	GlobalSection(SolutionConfigurationPlatforms) = preSolution
		Debug|Any CPU = Debug|Any CPU
		Release|Any CPU = Release|Any CPU
	EndGlobalSection
	GlobalSection(ProjectConfigurationPlatforms) = postSolution
		{DC33F1CF-226E-4E54-B444-075F2357A1AF}.Debug|Any CPU.ActiveCfg = Debug|Any CPU
		{DC33F1CF-226E-4E54-B444-075F2357A1AF}.Debug|Any CPU.Build.0 = Debug|Any CPU
		{DC33F1CF-226E-4E54-B444-075F2357A1AF}.Release|Any CPU.ActiveCfg = Release|Any CPU
		{DC33F1CF-226E-4E54-B444-075F2357A1AF}.Release|Any CPU.Build.0 = Release|Any CPU
	EndGlobalSection
	GlobalSection(SolutionProperties) = preSolution
		HideSolutionNode = FALSE
	EndGlobalSection
	GlobalSection(ExtensibilityGlobals) = postSolution
		SolutionGuid = {D7B5ED5D-48AE-4872-86F4-0E311D586ADD}
	EndGlobalSection
EndGlobal
